<?xml version="1.0" encoding="utf-8"?>
<Project ToolsVersion="4.0" xmlns="http://schemas.microsoft.com/developer/msbuild/2003">
  <ItemGroup>
    <Filter Include="Graphic">
      <UniqueIdentifier>{125f71b2-34db-4f77-a8db-5d8ee550d044}</UniqueIdentifier>
    </Filter>
    <Filter Include="Base Element">
      <UniqueIdentifier>{5059d96a-b142-4fbc-b5c2-7e767f9a7ca6}</UniqueIdentifier>
    </Filter>
    <Filter Include="Base Element\Header Files">
      <UniqueIdentifier>{0f1787b7-aa76-4030-b99c-71ce5d26eee2}</UniqueIdentifier>
    </Filter>
    <Filter Include="Base Element\Sourse Files">
      <UniqueIdentifier>{6f83d243-da8f-4c63-82b5-c0f32882131e}</UniqueIdentifier>
    </Filter>
    <Filter Include="Button">
      <UniqueIdentifier>{7cf3fa6f-0c97-4b33-a314-12f8e1f89e5c}</UniqueIdentifier>
    </Filter>
    <Filter Include="Button\Header Files">
      <UniqueIdentifier>{141c7100-6873-491c-8e74-1d7f70d3976f}</UniqueIdentifier>
    </Filter>
    <Filter Include="Button\Sourse Files">
      <UniqueIdentifier>{1708346d-663b-4b32-b62b-c1c3bdb71213}</UniqueIdentifier>
    </Filter>
    <Filter Include="Windows">
      <UniqueIdentifier>{6e564aeb-93e4-488b-a4c7-6c2c272f2e09}</UniqueIdentifier>
    </Filter>
    <Filter Include="Windows\Header Files">
      <UniqueIdentifier>{ab3586c9-0072-4bcf-b239-2733dd6ae8e3}</UniqueIdentifier>
    </Filter>
    <Filter Include="Windows\Sourse Files">
      <UniqueIdentifier>{8e340d61-0367-46d9-9675-26789b23d22c}</UniqueIdentifier>
    </Filter>
    <Filter Include="Windows\Window Controller">
      <UniqueIdentifier>{b9505c25-b9f5-4692-a813-d28ae3fad6af}</UniqueIdentifier>
    </Filter>
    <Filter Include="Windows\Window Controller\Header Files">
      <UniqueIdentifier>{69373345-e6bd-4b0a-99cf-1887bc01c146}</UniqueIdentifier>
    </Filter>
    <Filter Include="Windows\Window Controller\Source Files">
      <UniqueIdentifier>{9bb6b4a9-f8d2-4fc3-999b-f7223ae8005c}</UniqueIdentifier>
    </Filter>
    <Filter Include="Main">
      <UniqueIdentifier>{e3ed8c49-73a3-4989-aa16-86847c68c403}</UniqueIdentifier>
    </Filter>
    <Filter Include="Tank And Components">
      <UniqueIdentifier>{806f7ed9-be00-442c-9836-b1a23f38398e}</UniqueIdentifier>
    </Filter>
    <Filter Include="Tank And Components\Tank">
      <UniqueIdentifier>{0280c407-5c3d-416a-b8af-0cd486ed8299}</UniqueIdentifier>
    </Filter>
    <Filter Include="Tank And Components\Tank\Header Files">
      <UniqueIdentifier>{96620b49-864a-46f6-9c8a-d2097eeacdd4}</UniqueIdentifier>
    </Filter>
    <Filter Include="Tank And Components\Tank\Source Files">
      <UniqueIdentifier>{6581ed1c-905d-4fea-aad9-9836513ffcf3}</UniqueIdentifier>
    </Filter>
    <Filter Include="Tank And Components\Components">
      <UniqueIdentifier>{26f9d75b-4932-42f4-ada1-e58aaa5777d5}</UniqueIdentifier>
    </Filter>
    <Filter Include="Tank And Components\Components\Header Files">
      <UniqueIdentifier>{ccccbb95-2c6a-4709-8a8a-c70e8fd219a4}</UniqueIdentifier>
    </Filter>
    <Filter Include="Tank And Components\Components\Source Files">
      <UniqueIdentifier>{92b219e6-c7c6-48f2-942f-18a9bd327555}</UniqueIdentifier>
    </Filter>
    <Filter Include="Graphic\Button">
      <UniqueIdentifier>{cd08e003-d5a2-4372-81bb-60039256d001}</UniqueIdentifier>
    </Filter>
    <Filter Include="Graphic\Button\Header Files">
      <UniqueIdentifier>{44466535-5359-4ac2-8ee8-94fd03e38cf6}</UniqueIdentifier>
    </Filter>
    <Filter Include="Graphic\Button\Source Files">
      <UniqueIdentifier>{7a29c3a3-b7cc-400f-bf38-95d244ea177e}</UniqueIdentifier>
    </Filter>
    <Filter Include="Graphic\Base Element">
      <UniqueIdentifier>{6295bb2d-efc4-4f49-b3a7-7e58f323f053}</UniqueIdentifier>
    </Filter>
    <Filter Include="Graphic\Base Element\Header Files">
      <UniqueIdentifier>{d10b3fff-dc98-4ad8-b64a-c96893c78e17}</UniqueIdentifier>
    </Filter>
    <Filter Include="Graphic\Base Element\Source Files">
      <UniqueIdentifier>{479dfb5b-9bf9-4905-bf73-df975ba55a54}</UniqueIdentifier>
    </Filter>
    <Filter Include="Graphic\Window">
      <UniqueIdentifier>{556d25c3-1b53-40ab-b254-0c5e07b0a200}</UniqueIdentifier>
    </Filter>
    <Filter Include="Graphic\Window\Header Files">
      <UniqueIdentifier>{755c14b3-d08b-4f02-87b2-b0ca1f7201c2}</UniqueIdentifier>
    </Filter>
    <Filter Include="Graphic\Window\Source Files">
      <UniqueIdentifier>{c8b748a9-72fd-48bc-abeb-d7780f9236fa}</UniqueIdentifier>
    </Filter>
    <Filter Include="Graphic\Tank And Components">
      <UniqueIdentifier>{c5862e5f-292b-4159-aee8-411217388efb}</UniqueIdentifier>
    </Filter>
    <Filter Include="Graphic\Tank And Components\Tank">
      <UniqueIdentifier>{789b5391-75f8-44c2-9bbc-2b579d3b8489}</UniqueIdentifier>
    </Filter>
    <Filter Include="Graphic\Tank And Components\Components">
      <UniqueIdentifier>{26290114-d248-4912-b528-5746b964a1ea}</UniqueIdentifier>
    </Filter>
    <Filter Include="Graphic\Tank And Components\Tank\Header Files">
      <UniqueIdentifier>{a3ee54bf-2199-45d3-b2b3-bcc13e113186}</UniqueIdentifier>
    </Filter>
    <Filter Include="Graphic\Tank And Components\Tank\Source Files">
      <UniqueIdentifier>{3da02c8f-1672-4c52-96d4-ff70b6dc16af}</UniqueIdentifier>
    </Filter>
    <Filter Include="Graphic\Tank And Components\Components\Header Files">
      <UniqueIdentifier>{d0e63c2b-43fa-4c09-9d64-6aef7574a2ca}</UniqueIdentifier>
    </Filter>
    <Filter Include="Graphic\Tank And Components\Components\Source Files">
      <UniqueIdentifier>{0c02294a-2a93-4032-82d4-896e36ed6390}</UniqueIdentifier>
    </Filter>
    <Filter Include="Windows\List">
      <UniqueIdentifier>{39ee9731-8342-44c5-8fa7-16e828a73a86}</UniqueIdentifier>
    </Filter>
    <Filter Include="Windows\List\Header Files">
      <UniqueIdentifier>{ee3b0524-503b-4bdd-8810-76f40933f5c7}</UniqueIdentifier>
    </Filter>
    <Filter Include="Windows\List\Source Files">
      <UniqueIdentifier>{f1f07f11-daf2-4fe1-9bbe-978c508eec84}</UniqueIdentifier>
    </Filter>
    <Filter Include="Graphic\Window\List">
      <UniqueIdentifier>{75721cad-9fe2-4b75-b846-657d8be7fc80}</UniqueIdentifier>
    </Filter>
    <Filter Include="Graphic\Window\List\Header Files">
      <UniqueIdentifier>{7a80bc97-829d-4a41-adff-a7ae826b3a0e}</UniqueIdentifier>
    </Filter>
    <Filter Include="Graphic\Window\List\Source Files">
      <UniqueIdentifier>{5a3e8340-45b0-4000-95ab-d5027ebdf9ad}</UniqueIdentifier>
    </Filter>
    <Filter Include="Windows\Notification Windows">
      <UniqueIdentifier>{b11e9fc8-a471-4184-b0b1-9937104a819a}</UniqueIdentifier>
    </Filter>
    <Filter Include="Windows\Notification Windows\Header Files">
      <UniqueIdentifier>{7d07fe29-3fb8-443a-bfe5-1728ff0b8f9b}</UniqueIdentifier>
    </Filter>
    <Filter Include="Windows\Notification Windows\Source Files">
      <UniqueIdentifier>{b4e03b10-ed1e-4832-a243-2f712f909f2c}</UniqueIdentifier>
    </Filter>
  </ItemGroup>
  <ItemGroup>
    <None Include="packages.config" />
    <None Include="ClassDiagram.cd" />
  </ItemGroup>
  <ItemGroup>
    <ClCompile Include="Graphic.cpp">
      <Filter>Graphic\Window\Source Files</Filter>
    </ClCompile>
    <ClCompile Include="GraphicForNotificationWindow.cpp">
      <Filter>Graphic\Window\Source Files</Filter>
    </ClCompile>
    <ClCompile Include="BaseElement.cpp">
      <Filter>Base Element\Sourse Files</Filter>
    </ClCompile>
    <ClCompile Include="Button.cpp">
      <Filter>Button\Sourse Files</Filter>
    </ClCompile>
    <ClCompile Include="NotificationWindow.cpp">
      <Filter>Windows\Notification Windows\Source Files</Filter>
    </ClCompile>
    <ClCompile Include="ExitFromEditor.cpp">
      <Filter>Windows\Notification Windows\Source Files</Filter>
    </ClCompile>
    <ClCompile Include="Editor.cpp">
      <Filter>Windows\Sourse Files</Filter>
    </ClCompile>
    <ClCompile Include="MainMenu.cpp">
      <Filter>Windows\Sourse Files</Filter>
    </ClCompile>
    <ClCompile Include="WorkWithWindow.cpp">
      <Filter>Windows\Sourse Files</Filter>
    </ClCompile>
    <ClCompile Include="WindowController.cpp">
      <Filter>Windows\Window Controller\Source Files</Filter>
    </ClCompile>
    <ClCompile Include="Main.cpp">
      <Filter>Main</Filter>
    </ClCompile>
    <ClCompile Include="NotAvailable.cpp">
      <Filter>Windows\Notification Windows\Source Files</Filter>
    </ClCompile>
    <ClCompile Include="ButtonDraw.cpp">
      <Filter>Graphic\Button\Source Files</Filter>
    </ClCompile>
    <ClCompile Include="BasicElementDraw.cpp">
      <Filter>Graphic\Base Element\Source Files</Filter>
    </ClCompile>
    <ClCompile Include="Background.cpp">
      <Filter>Tank And Components\Components\Source Files</Filter>
    </ClCompile>
    <ClCompile Include="ComponentDraw.cpp">
      <Filter>Graphic\Tank And Components\Components\Source Files</Filter>
    </ClCompile>
    <ClCompile Include="BackgroundDraw.cpp">
      <Filter>Graphic\Tank And Components\Components\Source Files</Filter>
    </ClCompile>
    <ClCompile Include="SmallBlock.cpp">
      <Filter>Tank And Components\Components\Source Files</Filter>
    </ClCompile>
    <ClCompile Include="SmallBlockDraw.cpp">
      <Filter>Graphic\Tank And Components\Components\Source Files</Filter>
    </ClCompile>
    <ClCompile Include="BigBlock.cpp">
      <Filter>Tank And Components\Components\Source Files</Filter>
    </ClCompile>
    <ClCompile Include="BigBlockDraw.cpp">
      <Filter>Graphic\Tank And Components\Components\Source Files</Filter>
    </ClCompile>
    <ClCompile Include="EngineRoom.cpp">
      <Filter>Tank And Components\Components\Source Files</Filter>
    </ClCompile>
    <ClCompile Include="EngineRoomDraw.cpp">
      <Filter>Graphic\Tank And Components\Components\Source Files</Filter>
    </ClCompile>
    <ClCompile Include="Track.cpp">
      <Filter>Tank And Components\Components\Source Files</Filter>
    </ClCompile>
    <ClCompile Include="TrackDraw.cpp">
      <Filter>Graphic\Tank And Components\Components\Source Files</Filter>
    </ClCompile>
    <ClCompile Include="Gun.cpp">
      <Filter>Tank And Components\Components\Source Files</Filter>
    </ClCompile>
    <ClCompile Include="GunDraw.cpp">
      <Filter>Graphic\Tank And Components\Components\Source Files</Filter>
    </ClCompile>
    <ClCompile Include="Tank.cpp">
      <Filter>Tank And Components\Tank\Source Files</Filter>
    </ClCompile>
    <ClCompile Include="TankEditor.cpp">
      <Filter>Tank And Components\Tank\Source Files</Filter>
    </ClCompile>
    <ClCompile Include="TankDraw.cpp">
      <Filter>Graphic\Tank And Components\Tank\Source Files</Filter>
    </ClCompile>
    <ClCompile Include="List.cpp">
      <Filter>Windows\List\Source Files</Filter>
    </ClCompile>
    <ClCompile Include="ListDraw.cpp">
      <Filter>Graphic\Window\List\Source Files</Filter>
    </ClCompile>
    <ClCompile Include="SaveTank.cpp">
      <Filter>Windows\Notification Windows\Source Files</Filter>
    </ClCompile>
    <ClCompile Include="TankSelection.cpp">
      <Filter>Windows\Sourse Files</Filter>
    </ClCompile>
    <ClCompile Include="TankPicture.cpp">
      <Filter>Tank And Components\Components\Source Files</Filter>
    </ClCompile>
    <ClCompile Include="TankPictureDraw.cpp">
      <Filter>Graphic\Tank And Components\Components\Source Files</Filter>
    </ClCompile>
    <ClCompile Include="ViewableObject.cpp">
      <Filter>Tank And Components\Components\Source Files</Filter>
    </ClCompile>
    <ClCompile Include="ViewableObjectDraw.cpp">
      <Filter>Graphic\Tank And Components\Components\Source Files</Filter>
    </ClCompile>
    <ClCompile Include="RenameTank.cpp">
      <Filter>Windows\Notification Windows\Source Files</Filter>
    </ClCompile>
    <ClCompile Include="CheckerOnTankExistence.cpp">
      <Filter>Windows\Notification Windows\Source Files</Filter>
    </ClCompile>
    <ClCompile Include="Saved.cpp">
      <Filter>Windows\Notification Windows\Source Files</Filter>
    </ClCompile>
    <ClCompile Include="PersonalTank.cpp">
      <Filter>Tank And Components\Tank\Source Files</Filter>
    </ClCompile>
    <ClCompile Include="Battle.cpp">
      <Filter>Windows\Sourse Files</Filter>
    </ClCompile>
    <ClCompile Include="Speedometer.cpp">
      <Filter>Tank And Components\Components\Source Files</Filter>
    </ClCompile>
    <ClCompile Include="SpeedometerDraw.cpp">
      <Filter>Graphic\Tank And Components\Components\Source Files</Filter>
    </ClCompile>
    <ClCompile Include="AllotmentDraw.cpp">
      <Filter>Graphic\Tank And Components\Components\Source Files</Filter>
    </ClCompile>
    <ClCompile Include="Allotment.cpp">
      <Filter>Tank And Components\Components\Source Files</Filter>
    </ClCompile>
  </ItemGroup>
  <ItemGroup>
    <ClInclude Include="GraphicForNotificationWindow.h">
      <Filter>Graphic\Window\Header Files</Filter>
    </ClInclude>
    <ClInclude Include="Graphic.h">
      <Filter>Graphic\Window\Header Files</Filter>
    </ClInclude>
    <ClInclude Include="BaseElement.h">
      <Filter>Base Element\Header Files</Filter>
    </ClInclude>
    <ClInclude Include="Button.h">
      <Filter>Button\Header Files</Filter>
    </ClInclude>
    <ClInclude Include="NotificationWindow.h">
      <Filter>Windows\Notification Windows\Header Files</Filter>
    </ClInclude>
    <ClInclude Include="ExitFromEditor.h">
      <Filter>Windows\Notification Windows\Header Files</Filter>
    </ClInclude>
    <ClInclude Include="Editor.h">
      <Filter>Windows\Header Files</Filter>
    </ClInclude>
    <ClInclude Include="MainMenu.h">
      <Filter>Windows\Header Files</Filter>
    </ClInclude>
    <ClInclude Include="WorkWithWindow.h">
      <Filter>Windows\Header Files</Filter>
    </ClInclude>
    <ClInclude Include="WindowController.h">
      <Filter>Windows\Window Controller\Header Files</Filter>
    </ClInclude>
    <ClInclude Include="NotAvailable.h">
      <Filter>Windows\Notification Windows\Header Files</Filter>
    </ClInclude>
    <ClInclude Include="ButtonDraw.h">
      <Filter>Graphic\Button\Header Files</Filter>
    </ClInclude>
    <ClInclude Include="BasicElementDraw.h">
      <Filter>Graphic\Base Element\Header Files</Filter>
    </ClInclude>
    <ClInclude Include="Background.h">
      <Filter>Tank And Components\Components\Header Files</Filter>
    </ClInclude>
    <ClInclude Include="ComponentDraw.h">
      <Filter>Graphic\Tank And Components\Components\Header Files</Filter>
    </ClInclude>
    <ClInclude Include="BackgroundDraw.h">
      <Filter>Graphic\Tank And Components\Components\Header Files</Filter>
    </ClInclude>
    <ClInclude Include="SmallBlock.h">
      <Filter>Tank And Components\Components\Header Files</Filter>
    </ClInclude>
    <ClInclude Include="SmallBlockDraw.h">
      <Filter>Graphic\Tank And Components\Components\Header Files</Filter>
    </ClInclude>
    <ClInclude Include="BigBlock.h">
      <Filter>Tank And Components\Components\Header Files</Filter>
    </ClInclude>
    <ClInclude Include="BigBlockDraw.h">
      <Filter>Graphic\Tank And Components\Components\Header Files</Filter>
    </ClInclude>
    <ClInclude Include="EngineRoom.h">
      <Filter>Tank And Components\Components\Header Files</Filter>
    </ClInclude>
    <ClInclude Include="EngineRoomDraw.h">
      <Filter>Graphic\Tank And Components\Components\Header Files</Filter>
    </ClInclude>
    <ClInclude Include="Track.h">
      <Filter>Tank And Components\Components\Header Files</Filter>
    </ClInclude>
    <ClInclude Include="TrackDraw.h">
      <Filter>Graphic\Tank And Components\Components\Header Files</Filter>
    </ClInclude>
    <ClInclude Include="Gun.h">
      <Filter>Tank And Components\Components\Header Files</Filter>
    </ClInclude>
    <ClInclude Include="GunDraw.h">
      <Filter>Graphic\Tank And Components\Components\Header Files</Filter>
    </ClInclude>
    <ClInclude Include="Tank.h">
      <Filter>Tank And Components\Tank\Header Files</Filter>
    </ClInclude>
    <ClInclude Include="TankEditor.h">
      <Filter>Tank And Components\Tank\Header Files</Filter>
    </ClInclude>
    <ClInclude Include="TankDraw.h">
      <Filter>Graphic\Tank And Components\Tank\Header Files</Filter>
    </ClInclude>
    <ClInclude Include="List.h">
      <Filter>Windows\List\Header Files</Filter>
    </ClInclude>
    <ClInclude Include="ListDraw.h">
      <Filter>Graphic\Window\List\Header Files</Filter>
    </ClInclude>
    <ClInclude Include="SaveTank.h">
      <Filter>Windows\Notification Windows\Header Files</Filter>
    </ClInclude>
    <ClInclude Include="TankSelection.h">
      <Filter>Windows\Header Files</Filter>
    </ClInclude>
    <ClInclude Include="TankPicture.h">
      <Filter>Tank And Components\Components\Header Files</Filter>
    </ClInclude>
    <ClInclude Include="TankPictureDraw.h">
      <Filter>Graphic\Tank And Components\Components\Header Files</Filter>
    </ClInclude>
    <ClInclude Include="ViewableObject.h">
      <Filter>Tank And Components\Components\Header Files</Filter>
    </ClInclude>
    <ClInclude Include="ViewableObjectDraw.h">
      <Filter>Graphic\Tank And Components\Components\Header Files</Filter>
    </ClInclude>
    <ClInclude Include="RenameTank.h">
      <Filter>Windows\Notification Windows\Header Files</Filter>
    </ClInclude>
    <ClInclude Include="CheckerOnTankExistence.h">
      <Filter>Windows\Notification Windows\Header Files</Filter>
    </ClInclude>
    <ClInclude Include="Saved.h">
      <Filter>Windows\Notification Windows\Header Files</Filter>
    </ClInclude>
    <ClInclude Include="PersonalTank.h">
      <Filter>Tank And Components\Tank\Header Files</Filter>
    </ClInclude>
    <ClInclude Include="Battle.h">
      <Filter>Windows\Header Files</Filter>
    </ClInclude>
    <ClInclude Include="Speedometer.h">
      <Filter>Tank And Components\Components\Header Files</Filter>
    </ClInclude>
    <ClInclude Include="SpeedometerDraw.h">
      <Filter>Graphic\Tank And Components\Components\Header Files</Filter>
    </ClInclude>
    <ClInclude Include="AllotmentDraw.h">
      <Filter>Graphic\Tank And Components\Components\Header Files</Filter>
    </ClInclude>
    <ClInclude Include="Allotment.h">
      <Filter>Tank And Components\Components\Header Files</Filter>
    </ClInclude>
  </ItemGroup>
</Project>